// !$*UTF8*$!
{
	archiveVersion = 1;
	classes = {
	};
	objectVersion = 46;
	objects = {

/* Begin PBXBuildFile section */
		896DE36A1F239E0F00B95D2A /* AppDelegate.swift in Sources */ = {isa = PBXBuildFile; fileRef = 896DE3691F239E0F00B95D2A /* AppDelegate.swift */; };
		896DE36C1F239E0F00B95D2A /* MainViewController.swift in Sources */ = {isa = PBXBuildFile; fileRef = 896DE36B1F239E0F00B95D2A /* MainViewController.swift */; };
		896DE36F1F239E0F00B95D2A /* Main.storyboard in Resources */ = {isa = PBXBuildFile; fileRef = 896DE36D1F239E0F00B95D2A /* Main.storyboard */; };
		896DE3711F239E0F00B95D2A /* Assets.xcassets in Resources */ = {isa = PBXBuildFile; fileRef = 896DE3701F239E0F00B95D2A /* Assets.xcassets */; };
		896DE3741F239E0F00B95D2A /* LaunchScreen.storyboard in Resources */ = {isa = PBXBuildFile; fileRef = 896DE3721F239E0F00B95D2A /* LaunchScreen.storyboard */; };
		897A1A421F5D473C000EB227 /* PhotosViewController.swift in Sources */ = {isa = PBXBuildFile; fileRef = 897A1A411F5D473C000EB227 /* PhotosViewController.swift */; };
		89B87E001F51A90700874AEB /* WebViewController.swift in Sources */ = {isa = PBXBuildFile; fileRef = 89B87DFF1F51A90700874AEB /* WebViewController.swift */; };
		89B87E8E1F56F79B00874AEB /* MenuViewController.swift in Sources */ = {isa = PBXBuildFile; fileRef = 89B87E8D1F56F79B00874AEB /* MenuViewController.swift */; };
		89DAF4E21F7AF65C00E56C80 /* Wedding.swift in Sources */ = {isa = PBXBuildFile; fileRef = 89DAF4E11F7AF65C00E56C80 /* Wedding.swift */; };
		89E39EA21F5F51E2007DDD4E /* MyCollectionViewCell.swift in Sources */ = {isa = PBXBuildFile; fileRef = 89E39EA11F5F51E2007DDD4E /* MyCollectionViewCell.swift */; };
		89E39EE31F5F52E6007DDD4E /* 1.jpg in Resources */ = {isa = PBXBuildFile; fileRef = 89E39EA41F5F52E6007DDD4E /* 1.jpg */; };
		89E39EE41F5F52E6007DDD4E /* 10.jpg in Resources */ = {isa = PBXBuildFile; fileRef = 89E39EA51F5F52E6007DDD4E /* 10.jpg */; };
		89E39EE51F5F52E6007DDD4E /* 11.jpg in Resources */ = {isa = PBXBuildFile; fileRef = 89E39EA61F5F52E6007DDD4E /* 11.jpg */; };
		89E39EE61F5F52E6007DDD4E /* 12.jpg in Resources */ = {isa = PBXBuildFile; fileRef = 89E39EA71F5F52E6007DDD4E /* 12.jpg */; };
		89E39EE71F5F52E6007DDD4E /* 13.jpg in Resources */ = {isa = PBXBuildFile; fileRef = 89E39EA81F5F52E6007DDD4E /* 13.jpg */; };
		89E39EE81F5F52E6007DDD4E /* 14.jpg in Resources */ = {isa = PBXBuildFile; fileRef = 89E39EA91F5F52E6007DDD4E /* 14.jpg */; };
		89E39EE91F5F52E6007DDD4E /* 15.jpg in Resources */ = {isa = PBXBuildFile; fileRef = 89E39EAA1F5F52E6007DDD4E /* 15.jpg */; };
		89E39EEA1F5F52E6007DDD4E /* 16.jpg in Resources */ = {isa = PBXBuildFile; fileRef = 89E39EAB1F5F52E6007DDD4E /* 16.jpg */; };
		89E39EEB1F5F52E6007DDD4E /* 17.jpg in Resources */ = {isa = PBXBuildFile; fileRef = 89E39EAC1F5F52E6007DDD4E /* 17.jpg */; };
		89E39EEC1F5F52E6007DDD4E /* 18.jpg in Resources */ = {isa = PBXBuildFile; fileRef = 89E39EAD1F5F52E6007DDD4E /* 18.jpg */; };
		89E39EED1F5F52E6007DDD4E /* 19.jpg in Resources */ = {isa = PBXBuildFile; fileRef = 89E39EAE1F5F52E6007DDD4E /* 19.jpg */; };
		89E39EEE1F5F52E6007DDD4E /* 2.jpg in Resources */ = {isa = PBXBuildFile; fileRef = 89E39EAF1F5F52E6007DDD4E /* 2.jpg */; };
		89E39EEF1F5F52E6007DDD4E /* 20.jpg in Resources */ = {isa = PBXBuildFile; fileRef = 89E39EB01F5F52E6007DDD4E /* 20.jpg */; };
		89E39EF01F5F52E6007DDD4E /* 21.jpg in Resources */ = {isa = PBXBuildFile; fileRef = 89E39EB11F5F52E6007DDD4E /* 21.jpg */; };
		89E39EF11F5F52E6007DDD4E /* 22.jpg in Resources */ = {isa = PBXBuildFile; fileRef = 89E39EB21F5F52E6007DDD4E /* 22.jpg */; };
		89E39EF21F5F52E6007DDD4E /* 23.jpg in Resources */ = {isa = PBXBuildFile; fileRef = 89E39EB31F5F52E6007DDD4E /* 23.jpg */; };
		89E39EF31F5F52E6007DDD4E /* 24.jpg in Resources */ = {isa = PBXBuildFile; fileRef = 89E39EB41F5F52E6007DDD4E /* 24.jpg */; };
		89E39EF41F5F52E6007DDD4E /* 25.jpg in Resources */ = {isa = PBXBuildFile; fileRef = 89E39EB51F5F52E6007DDD4E /* 25.jpg */; };
		89E39EF51F5F52E6007DDD4E /* 26.jpg in Resources */ = {isa = PBXBuildFile; fileRef = 89E39EB61F5F52E6007DDD4E /* 26.jpg */; };
		89E39EF61F5F52E6007DDD4E /* 27.jpg in Resources */ = {isa = PBXBuildFile; fileRef = 89E39EB71F5F52E6007DDD4E /* 27.jpg */; };
		89E39EF71F5F52E6007DDD4E /* 28.jpg in Resources */ = {isa = PBXBuildFile; fileRef = 89E39EB81F5F52E6007DDD4E /* 28.jpg */; };
		89E39EF81F5F52E6007DDD4E /* 29.jpg in Resources */ = {isa = PBXBuildFile; fileRef = 89E39EB91F5F52E6007DDD4E /* 29.jpg */; };
		89E39EF91F5F52E6007DDD4E /* 3.jpg in Resources */ = {isa = PBXBuildFile; fileRef = 89E39EBA1F5F52E6007DDD4E /* 3.jpg */; };
		89E39EFA1F5F52E6007DDD4E /* 30.jpg in Resources */ = {isa = PBXBuildFile; fileRef = 89E39EBB1F5F52E6007DDD4E /* 30.jpg */; };
		89E39EFB1F5F52E6007DDD4E /* 4.jpg in Resources */ = {isa = PBXBuildFile; fileRef = 89E39EBC1F5F52E6007DDD4E /* 4.jpg */; };
		89E39EFC1F5F52E6007DDD4E /* 5.jpg in Resources */ = {isa = PBXBuildFile; fileRef = 89E39EBD1F5F52E6007DDD4E /* 5.jpg */; };
		89E39EFD1F5F52E6007DDD4E /* 6.jpg in Resources */ = {isa = PBXBuildFile; fileRef = 89E39EBE1F5F52E6007DDD4E /* 6.jpg */; };
		89E39EFE1F5F52E6007DDD4E /* 7.jpg in Resources */ = {isa = PBXBuildFile; fileRef = 89E39EBF1F5F52E6007DDD4E /* 7.jpg */; };
		89E39EFF1F5F52E6007DDD4E /* 8.jpg in Resources */ = {isa = PBXBuildFile; fileRef = 89E39EC01F5F52E6007DDD4E /* 8.jpg */; };
		89E39F001F5F52E6007DDD4E /* 9.jpg in Resources */ = {isa = PBXBuildFile; fileRef = 89E39EC11F5F52E6007DDD4E /* 9.jpg */; };
		89E39F011F5F52E6007DDD4E /* 31.jpg in Resources */ = {isa = PBXBuildFile; fileRef = 89E39EC21F5F52E6007DDD4E /* 31.jpg */; };
		89E39F031F5F52E6007DDD4E /* 33.jpg in Resources */ = {isa = PBXBuildFile; fileRef = 89E39EC41F5F52E6007DDD4E /* 33.jpg */; };
		89E39F041F5F52E6007DDD4E /* 34.jpg in Resources */ = {isa = PBXBuildFile; fileRef = 89E39EC51F5F52E6007DDD4E /* 34.jpg */; };
		89E39F051F5F52E6007DDD4E /* 35.jpg in Resources */ = {isa = PBXBuildFile; fileRef = 89E39EC61F5F52E6007DDD4E /* 35.jpg */; };
		89E39F061F5F52E6007DDD4E /* 36.jpg in Resources */ = {isa = PBXBuildFile; fileRef = 89E39EC71F5F52E6007DDD4E /* 36.jpg */; };
		89E39F071F5F52E6007DDD4E /* 37.jpg in Resources */ = {isa = PBXBuildFile; fileRef = 89E39EC81F5F52E6007DDD4E /* 37.jpg */; };
		89E39F081F5F52E6007DDD4E /* 38.jpg in Resources */ = {isa = PBXBuildFile; fileRef = 89E39EC91F5F52E6007DDD4E /* 38.jpg */; };
		89E39F091F5F52E6007DDD4E /* 39.jpg in Resources */ = {isa = PBXBuildFile; fileRef = 89E39ECA1F5F52E6007DDD4E /* 39.jpg */; };
		89E39F0A1F5F52E6007DDD4E /* 40.jpg in Resources */ = {isa = PBXBuildFile; fileRef = 89E39ECB1F5F52E6007DDD4E /* 40.jpg */; };
		89E39F0C1F5F52E6007DDD4E /* 42.jpg in Resources */ = {isa = PBXBuildFile; fileRef = 89E39ECD1F5F52E6007DDD4E /* 42.jpg */; };
		89E39F0D1F5F52E6007DDD4E /* 43.jpg in Resources */ = {isa = PBXBuildFile; fileRef = 89E39ECE1F5F52E6007DDD4E /* 43.jpg */; };
		89E39F0E1F5F52E6007DDD4E /* 44.jpg in Resources */ = {isa = PBXBuildFile; fileRef = 89E39ECF1F5F52E6007DDD4E /* 44.jpg */; };
		89E39F0F1F5F52E6007DDD4E /* 45.jpg in Resources */ = {isa = PBXBuildFile; fileRef = 89E39ED01F5F52E6007DDD4E /* 45.jpg */; };
		89E39F101F5F52E6007DDD4E /* IMG_2735.JPG in Resources */ = {isa = PBXBuildFile; fileRef = 89E39ED11F5F52E6007DDD4E /* IMG_2735.JPG */; };
		89E39F131F5F52E6007DDD4E /* IMG_2833.JPG in Resources */ = {isa = PBXBuildFile; fileRef = 89E39ED41F5F52E6007DDD4E /* IMG_2833.JPG */; };
		89E39F141F5F52E6007DDD4E /* IMG_2860.JPG in Resources */ = {isa = PBXBuildFile; fileRef = 89E39ED51F5F52E6007DDD4E /* IMG_2860.JPG */; };
		89E39F151F5F52E6007DDD4E /* IMG_2942.jpg in Resources */ = {isa = PBXBuildFile; fileRef = 89E39ED61F5F52E6007DDD4E /* IMG_2942.jpg */; };
		89E39F161F5F52E6007DDD4E /* 46.jpg in Resources */ = {isa = PBXBuildFile; fileRef = 89E39ED71F5F52E6007DDD4E /* 46.jpg */; };
		89E39F171F5F52E6007DDD4E /* IMG_2946.jpg in Resources */ = {isa = PBXBuildFile; fileRef = 89E39ED81F5F52E6007DDD4E /* IMG_2946.jpg */; };
		89E39F181F5F52E6007DDD4E /* IMG_2992.jpg in Resources */ = {isa = PBXBuildFile; fileRef = 89E39ED91F5F52E6007DDD4E /* IMG_2992.jpg */; };
		89E39F191F5F52E6007DDD4E /* 32.jpg in Resources */ = {isa = PBXBuildFile; fileRef = 89E39EDA1F5F52E6007DDD4E /* 32.jpg */; };
		89E39F1A1F5F52E6007DDD4E /* IMG_3796.JPG in Resources */ = {isa = PBXBuildFile; fileRef = 89E39EDB1F5F52E6007DDD4E /* IMG_3796.JPG */; };
		89E39F1B1F5F52E6007DDD4E /* IMG_4249.jpg in Resources */ = {isa = PBXBuildFile; fileRef = 89E39EDC1F5F52E6007DDD4E /* IMG_4249.jpg */; };
		89E39F1C1F5F52E6007DDD4E /* IMG_4261.jpg in Resources */ = {isa = PBXBuildFile; fileRef = 89E39EDD1F5F52E6007DDD4E /* IMG_4261.jpg */; };
		89E39F1D1F5F52E6007DDD4E /* IMG_4293.JPG in Resources */ = {isa = PBXBuildFile; fileRef = 89E39EDE1F5F52E6007DDD4E /* IMG_4293.JPG */; };
		89E39F1E1F5F52E6007DDD4E /* IMG_4526.jpg in Resources */ = {isa = PBXBuildFile; fileRef = 89E39EDF1F5F52E6007DDD4E /* IMG_4526.jpg */; };
		89E39F1F1F5F52E6007DDD4E /* IMG_4566.jpg in Resources */ = {isa = PBXBuildFile; fileRef = 89E39EE01F5F52E6007DDD4E /* IMG_4566.jpg */; };
		89E39F201F5F52E6007DDD4E /* IMG_4622.jpg in Resources */ = {isa = PBXBuildFile; fileRef = 89E39EE11F5F52E6007DDD4E /* IMG_4622.jpg */; };
		89E39F211F5F52E6007DDD4E /* IMG_5424.jpg in Resources */ = {isa = PBXBuildFile; fileRef = 89E39EE21F5F52E6007DDD4E /* IMG_5424.jpg */; };
		89E39F261F6165BB007DDD4E /* upperleft.jpg in Resources */ = {isa = PBXBuildFile; fileRef = 89E39F221F6165BB007DDD4E /* upperleft.jpg */; };
		89E39F271F6165BB007DDD4E /* upperRight.jpg in Resources */ = {isa = PBXBuildFile; fileRef = 89E39F231F6165BB007DDD4E /* upperRight.jpg */; };
		89E39F281F6165BB007DDD4E /* lowerRight.jpg in Resources */ = {isa = PBXBuildFile; fileRef = 89E39F241F6165BB007DDD4E /* lowerRight.jpg */; };
		89E39F291F6165BB007DDD4E /* lowerLeft.jpg in Resources */ = {isa = PBXBuildFile; fileRef = 89E39F251F6165BB007DDD4E /* lowerLeft.jpg */; };
		89E39F2B1F649A48007DDD4E /* InitialViewController.swift in Sources */ = {isa = PBXBuildFile; fileRef = 89E39F2A1F649A48007DDD4E /* InitialViewController.swift */; };
/* End PBXBuildFile section */

/* Begin PBXFileReference section */
		896DE3661F239E0F00B95D2A /* Chelsea & Alphonso.app */ = {isa = PBXFileReference; explicitFileType = wrapper.application; includeInIndex = 0; path = "Chelsea & Alphonso.app"; sourceTree = BUILT_PRODUCTS_DIR; };
		896DE3691F239E0F00B95D2A /* AppDelegate.swift */ = {isa = PBXFileReference; lastKnownFileType = sourcecode.swift; path = AppDelegate.swift; sourceTree = "<group>"; };
		896DE36B1F239E0F00B95D2A /* MainViewController.swift */ = {isa = PBXFileReference; lastKnownFileType = sourcecode.swift; path = MainViewController.swift; sourceTree = "<group>"; };
		896DE36E1F239E0F00B95D2A /* Base */ = {isa = PBXFileReference; lastKnownFileType = file.storyboard; name = Base; path = Base.lproj/Main.storyboard; sourceTree = "<group>"; };
		896DE3701F239E0F00B95D2A /* Assets.xcassets */ = {isa = PBXFileReference; lastKnownFileType = folder.assetcatalog; path = Assets.xcassets; sourceTree = "<group>"; };
		896DE3731F239E0F00B95D2A /* Base */ = {isa = PBXFileReference; lastKnownFileType = file.storyboard; name = Base; path = Base.lproj/LaunchScreen.storyboard; sourceTree = "<group>"; };
		896DE3751F239E0F00B95D2A /* Info.plist */ = {isa = PBXFileReference; lastKnownFileType = text.plist.xml; path = Info.plist; sourceTree = "<group>"; };
		897A1A411F5D473C000EB227 /* PhotosViewController.swift */ = {isa = PBXFileReference; fileEncoding = 4; lastKnownFileType = sourcecode.swift; name = PhotosViewController.swift; path = ../PhotosViewController.swift; sourceTree = "<group>"; };
		89B87DFF1F51A90700874AEB /* WebViewController.swift */ = {isa = PBXFileReference; fileEncoding = 4; lastKnownFileType = sourcecode.swift; name = WebViewController.swift; path = ../WebViewController.swift; sourceTree = "<group>"; };
		89B87E8D1F56F79B00874AEB /* MenuViewController.swift */ = {isa = PBXFileReference; fileEncoding = 4; lastKnownFileType = sourcecode.swift; name = MenuViewController.swift; path = ../MenuViewController.swift; sourceTree = "<group>"; };
		89DAF4E11F7AF65C00E56C80 /* Wedding.swift */ = {isa = PBXFileReference; lastKnownFileType = sourcecode.swift; name = Wedding.swift; path = ../Wedding.swift; sourceTree = "<group>"; };
		89E39EA11F5F51E2007DDD4E /* MyCollectionViewCell.swift */ = {isa = PBXFileReference; fileEncoding = 4; lastKnownFileType = sourcecode.swift; name = MyCollectionViewCell.swift; path = ../MyCollectionViewCell.swift; sourceTree = "<group>"; };
		89E39EA41F5F52E6007DDD4E /* 1.jpg */ = {isa = PBXFileReference; lastKnownFileType = image.jpeg; path = 1.jpg; sourceTree = "<group>"; };
		89E39EA51F5F52E6007DDD4E /* 10.jpg */ = {isa = PBXFileReference; lastKnownFileType = image.jpeg; path = 10.jpg; sourceTree = "<group>"; };
		89E39EA61F5F52E6007DDD4E /* 11.jpg */ = {isa = PBXFileReference; lastKnownFileType = image.jpeg; path = 11.jpg; sourceTree = "<group>"; };
		89E39EA71F5F52E6007DDD4E /* 12.jpg */ = {isa = PBXFileReference; lastKnownFileType = image.jpeg; path = 12.jpg; sourceTree = "<group>"; };
		89E39EA81F5F52E6007DDD4E /* 13.jpg */ = {isa = PBXFileReference; lastKnownFileType = image.jpeg; path = 13.jpg; sourceTree = "<group>"; };
		89E39EA91F5F52E6007DDD4E /* 14.jpg */ = {isa = PBXFileReference; lastKnownFileType = image.jpeg; path = 14.jpg; sourceTree = "<group>"; };
		89E39EAA1F5F52E6007DDD4E /* 15.jpg */ = {isa = PBXFileReference; lastKnownFileType = image.jpeg; path = 15.jpg; sourceTree = "<group>"; };
		89E39EAB1F5F52E6007DDD4E /* 16.jpg */ = {isa = PBXFileReference; lastKnownFileType = image.jpeg; path = 16.jpg; sourceTree = "<group>"; };
		89E39EAC1F5F52E6007DDD4E /* 17.jpg */ = {isa = PBXFileReference; lastKnownFileType = image.jpeg; path = 17.jpg; sourceTree = "<group>"; };
		89E39EAD1F5F52E6007DDD4E /* 18.jpg */ = {isa = PBXFileReference; lastKnownFileType = image.jpeg; path = 18.jpg; sourceTree = "<group>"; };
		89E39EAE1F5F52E6007DDD4E /* 19.jpg */ = {isa = PBXFileReference; lastKnownFileType = image.jpeg; path = 19.jpg; sourceTree = "<group>"; };
		89E39EAF1F5F52E6007DDD4E /* 2.jpg */ = {isa = PBXFileReference; lastKnownFileType = image.jpeg; path = 2.jpg; sourceTree = "<group>"; };
		89E39EB01F5F52E6007DDD4E /* 20.jpg */ = {isa = PBXFileReference; lastKnownFileType = image.jpeg; path = 20.jpg; sourceTree = "<group>"; };
		89E39EB11F5F52E6007DDD4E /* 21.jpg */ = {isa = PBXFileReference; lastKnownFileType = image.jpeg; path = 21.jpg; sourceTree = "<group>"; };
		89E39EB21F5F52E6007DDD4E /* 22.jpg */ = {isa = PBXFileReference; lastKnownFileType = image.jpeg; path = 22.jpg; sourceTree = "<group>"; };
		89E39EB31F5F52E6007DDD4E /* 23.jpg */ = {isa = PBXFileReference; lastKnownFileType = image.jpeg; path = 23.jpg; sourceTree = "<group>"; };
		89E39EB41F5F52E6007DDD4E /* 24.jpg */ = {isa = PBXFileReference; lastKnownFileType = image.jpeg; path = 24.jpg; sourceTree = "<group>"; };
		89E39EB51F5F52E6007DDD4E /* 25.jpg */ = {isa = PBXFileReference; lastKnownFileType = image.jpeg; path = 25.jpg; sourceTree = "<group>"; };
		89E39EB61F5F52E6007DDD4E /* 26.jpg */ = {isa = PBXFileReference; lastKnownFileType = image.jpeg; path = 26.jpg; sourceTree = "<group>"; };
		89E39EB71F5F52E6007DDD4E /* 27.jpg */ = {isa = PBXFileReference; lastKnownFileType = image.jpeg; path = 27.jpg; sourceTree = "<group>"; };
		89E39EB81F5F52E6007DDD4E /* 28.jpg */ = {isa = PBXFileReference; lastKnownFileType = image.jpeg; path = 28.jpg; sourceTree = "<group>"; };
		89E39EB91F5F52E6007DDD4E /* 29.jpg */ = {isa = PBXFileReference; lastKnownFileType = image.jpeg; path = 29.jpg; sourceTree = "<group>"; };
		89E39EBA1F5F52E6007DDD4E /* 3.jpg */ = {isa = PBXFileReference; lastKnownFileType = image.jpeg; path = 3.jpg; sourceTree = "<group>"; };
		89E39EBB1F5F52E6007DDD4E /* 30.jpg */ = {isa = PBXFileReference; lastKnownFileType = image.jpeg; path = 30.jpg; sourceTree = "<group>"; };
		89E39EBC1F5F52E6007DDD4E /* 4.jpg */ = {isa = PBXFileReference; lastKnownFileType = image.jpeg; path = 4.jpg; sourceTree = "<group>"; };
		89E39EBD1F5F52E6007DDD4E /* 5.jpg */ = {isa = PBXFileReference; lastKnownFileType = image.jpeg; path = 5.jpg; sourceTree = "<group>"; };
		89E39EBE1F5F52E6007DDD4E /* 6.jpg */ = {isa = PBXFileReference; lastKnownFileType = image.jpeg; path = 6.jpg; sourceTree = "<group>"; };
		89E39EBF1F5F52E6007DDD4E /* 7.jpg */ = {isa = PBXFileReference; lastKnownFileType = image.jpeg; path = 7.jpg; sourceTree = "<group>"; };
		89E39EC01F5F52E6007DDD4E /* 8.jpg */ = {isa = PBXFileReference; lastKnownFileType = image.jpeg; path = 8.jpg; sourceTree = "<group>"; };
		89E39EC11F5F52E6007DDD4E /* 9.jpg */ = {isa = PBXFileReference; lastKnownFileType = image.jpeg; path = 9.jpg; sourceTree = "<group>"; };
		89E39EC21F5F52E6007DDD4E /* 31.jpg */ = {isa = PBXFileReference; lastKnownFileType = image.jpeg; path = 31.jpg; sourceTree = "<group>"; };
		89E39EC41F5F52E6007DDD4E /* 33.jpg */ = {isa = PBXFileReference; lastKnownFileType = image.jpeg; path = 33.jpg; sourceTree = "<group>"; };
		89E39EC51F5F52E6007DDD4E /* 34.jpg */ = {isa = PBXFileReference; lastKnownFileType = image.jpeg; path = 34.jpg; sourceTree = "<group>"; };
		89E39EC61F5F52E6007DDD4E /* 35.jpg */ = {isa = PBXFileReference; lastKnownFileType = image.jpeg; path = 35.jpg; sourceTree = "<group>"; };
		89E39EC71F5F52E6007DDD4E /* 36.jpg */ = {isa = PBXFileReference; lastKnownFileType = image.jpeg; path = 36.jpg; sourceTree = "<group>"; };
		89E39EC81F5F52E6007DDD4E /* 37.jpg */ = {isa = PBXFileReference; lastKnownFileType = image.jpeg; path = 37.jpg; sourceTree = "<group>"; };
		89E39EC91F5F52E6007DDD4E /* 38.jpg */ = {isa = PBXFileReference; lastKnownFileType = image.jpeg; path = 38.jpg; sourceTree = "<group>"; };
		89E39ECA1F5F52E6007DDD4E /* 39.jpg */ = {isa = PBXFileReference; lastKnownFileType = image.jpeg; path = 39.jpg; sourceTree = "<group>"; };
		89E39ECB1F5F52E6007DDD4E /* 40.jpg */ = {isa = PBXFileReference; lastKnownFileType = image.jpeg; path = 40.jpg; sourceTree = "<group>"; };
		89E39ECD1F5F52E6007DDD4E /* 42.jpg */ = {isa = PBXFileReference; lastKnownFileType = image.jpeg; path = 42.jpg; sourceTree = "<group>"; };
		89E39ECE1F5F52E6007DDD4E /* 43.jpg */ = {isa = PBXFileReference; lastKnownFileType = image.jpeg; path = 43.jpg; sourceTree = "<group>"; };
		89E39ECF1F5F52E6007DDD4E /* 44.jpg */ = {isa = PBXFileReference; lastKnownFileType = image.jpeg; path = 44.jpg; sourceTree = "<group>"; };
		89E39ED01F5F52E6007DDD4E /* 45.jpg */ = {isa = PBXFileReference; lastKnownFileType = image.jpeg; path = 45.jpg; sourceTree = "<group>"; };
		89E39ED11F5F52E6007DDD4E /* IMG_2735.JPG */ = {isa = PBXFileReference; lastKnownFileType = image.jpeg; path = IMG_2735.JPG; sourceTree = "<group>"; };
		89E39ED41F5F52E6007DDD4E /* IMG_2833.JPG */ = {isa = PBXFileReference; lastKnownFileType = image.jpeg; path = IMG_2833.JPG; sourceTree = "<group>"; };
		89E39ED51F5F52E6007DDD4E /* IMG_2860.JPG */ = {isa = PBXFileReference; lastKnownFileType = image.jpeg; path = IMG_2860.JPG; sourceTree = "<group>"; };
		89E39ED61F5F52E6007DDD4E /* IMG_2942.jpg */ = {isa = PBXFileReference; lastKnownFileType = image.jpeg; path = IMG_2942.jpg; sourceTree = "<group>"; };
		89E39ED71F5F52E6007DDD4E /* 46.jpg */ = {isa = PBXFileReference; lastKnownFileType = image.jpeg; path = 46.jpg; sourceTree = "<group>"; };
		89E39ED81F5F52E6007DDD4E /* IMG_2946.jpg */ = {isa = PBXFileReference; lastKnownFileType = image.jpeg; path = IMG_2946.jpg; sourceTree = "<group>"; };
		89E39ED91F5F52E6007DDD4E /* IMG_2992.jpg */ = {isa = PBXFileReference; lastKnownFileType = image.jpeg; path = IMG_2992.jpg; sourceTree = "<group>"; };
		89E39EDA1F5F52E6007DDD4E /* 32.jpg */ = {isa = PBXFileReference; lastKnownFileType = image.jpeg; path = 32.jpg; sourceTree = "<group>"; };
		89E39EDB1F5F52E6007DDD4E /* IMG_3796.JPG */ = {isa = PBXFileReference; lastKnownFileType = image.jpeg; path = IMG_3796.JPG; sourceTree = "<group>"; };
		89E39EDC1F5F52E6007DDD4E /* IMG_4249.jpg */ = {isa = PBXFileReference; lastKnownFileType = image.jpeg; path = IMG_4249.jpg; sourceTree = "<group>"; };
		89E39EDD1F5F52E6007DDD4E /* IMG_4261.jpg */ = {isa = PBXFileReference; lastKnownFileType = image.jpeg; path = IMG_4261.jpg; sourceTree = "<group>"; };
		89E39EDE1F5F52E6007DDD4E /* IMG_4293.JPG */ = {isa = PBXFileReference; lastKnownFileType = image.jpeg; path = IMG_4293.JPG; sourceTree = "<group>"; };
		89E39EDF1F5F52E6007DDD4E /* IMG_4526.jpg */ = {isa = PBXFileReference; lastKnownFileType = image.jpeg; path = IMG_4526.jpg; sourceTree = "<group>"; };
		89E39EE01F5F52E6007DDD4E /* IMG_4566.jpg */ = {isa = PBXFileReference; lastKnownFileType = image.jpeg; path = IMG_4566.jpg; sourceTree = "<group>"; };
		89E39EE11F5F52E6007DDD4E /* IMG_4622.jpg */ = {isa = PBXFileReference; lastKnownFileType = image.jpeg; path = IMG_4622.jpg; sourceTree = "<group>"; };
		89E39EE21F5F52E6007DDD4E /* IMG_5424.jpg */ = {isa = PBXFileReference; lastKnownFileType = image.jpeg; path = IMG_5424.jpg; sourceTree = "<group>"; };
		89E39F221F6165BB007DDD4E /* upperleft.jpg */ = {isa = PBXFileReference; lastKnownFileType = image.jpeg; path = upperleft.jpg; sourceTree = "<group>"; };
		89E39F231F6165BB007DDD4E /* upperRight.jpg */ = {isa = PBXFileReference; lastKnownFileType = image.jpeg; path = upperRight.jpg; sourceTree = "<group>"; };
		89E39F241F6165BB007DDD4E /* lowerRight.jpg */ = {isa = PBXFileReference; lastKnownFileType = image.jpeg; path = lowerRight.jpg; sourceTree = "<group>"; };
		89E39F251F6165BB007DDD4E /* lowerLeft.jpg */ = {isa = PBXFileReference; lastKnownFileType = image.jpeg; path = lowerLeft.jpg; sourceTree = "<group>"; };
		89E39F2A1F649A48007DDD4E /* InitialViewController.swift */ = {isa = PBXFileReference; fileEncoding = 4; lastKnownFileType = sourcecode.swift; name = InitialViewController.swift; path = ../InitialViewController.swift; sourceTree = "<group>"; };
/* End PBXFileReference section */

/* Begin PBXFrameworksBuildPhase section */
		896DE3631F239E0F00B95D2A /* Frameworks */ = {
			isa = PBXFrameworksBuildPhase;
			buildActionMask = 2147483647;
			files = (
			);
			runOnlyForDeploymentPostprocessing = 0;
		};
/* End PBXFrameworksBuildPhase section */

/* Begin PBXGroup section */
		896DE35D1F239E0F00B95D2A = {
			isa = PBXGroup;
			children = (
				896DE3681F239E0F00B95D2A /* Chelsea & Alphonso */,
				896DE3671F239E0F00B95D2A /* Products */,
			);
			sourceTree = "<group>";
		};
		896DE3671F239E0F00B95D2A /* Products */ = {
			isa = PBXGroup;
			children = (
				896DE3661F239E0F00B95D2A /* Chelsea & Alphonso.app */,
			);
			name = Products;
			sourceTree = "<group>";
		};
		896DE3681F239E0F00B95D2A /* Chelsea & Alphonso */ = {
			isa = PBXGroup;
			children = (
				896DE3691F239E0F00B95D2A /* AppDelegate.swift */,
				89E39F2A1F649A48007DDD4E /* InitialViewController.swift */,
				89E39EA11F5F51E2007DDD4E /* MyCollectionViewCell.swift */,
				896DE36B1F239E0F00B95D2A /* MainViewController.swift */,
				897A1A411F5D473C000EB227 /* PhotosViewController.swift */,
				89B87E8D1F56F79B00874AEB /* MenuViewController.swift */,
				89B87DFF1F51A90700874AEB /* WebViewController.swift */,
				89DAF4E11F7AF65C00E56C80 /* Wedding.swift */,
				896DE36D1F239E0F00B95D2A /* Main.storyboard */,
				896DE3701F239E0F00B95D2A /* Assets.xcassets */,
				896DE3721F239E0F00B95D2A /* LaunchScreen.storyboard */,
				896DE3751F239E0F00B95D2A /* Info.plist */,
				89E39EA31F5F52E6007DDD4E /* Favorite Photos */,
			);
			path = "Chelsea & Alphonso";
			sourceTree = "<group>";
		};
		89E39EA31F5F52E6007DDD4E /* Favorite Photos */ = {
			isa = PBXGroup;
			children = (
				89E39EA41F5F52E6007DDD4E /* 1.jpg */,
				89E39EA51F5F52E6007DDD4E /* 10.jpg */,
				89E39EA61F5F52E6007DDD4E /* 11.jpg */,
				89E39EA71F5F52E6007DDD4E /* 12.jpg */,
				89E39EA81F5F52E6007DDD4E /* 13.jpg */,
				89E39EA91F5F52E6007DDD4E /* 14.jpg */,
				89E39EAA1F5F52E6007DDD4E /* 15.jpg */,
				89E39EAB1F5F52E6007DDD4E /* 16.jpg */,
				89E39EAC1F5F52E6007DDD4E /* 17.jpg */,
				89E39EAD1F5F52E6007DDD4E /* 18.jpg */,
				89E39EAE1F5F52E6007DDD4E /* 19.jpg */,
				89E39EAF1F5F52E6007DDD4E /* 2.jpg */,
				89E39EB01F5F52E6007DDD4E /* 20.jpg */,
				89E39EB11F5F52E6007DDD4E /* 21.jpg */,
				89E39EB21F5F52E6007DDD4E /* 22.jpg */,
				89E39EB31F5F52E6007DDD4E /* 23.jpg */,
				89E39EB41F5F52E6007DDD4E /* 24.jpg */,
				89E39EB51F5F52E6007DDD4E /* 25.jpg */,
				89E39EB61F5F52E6007DDD4E /* 26.jpg */,
				89E39EB71F5F52E6007DDD4E /* 27.jpg */,
				89E39EB81F5F52E6007DDD4E /* 28.jpg */,
				89E39EB91F5F52E6007DDD4E /* 29.jpg */,
				89E39EBA1F5F52E6007DDD4E /* 3.jpg */,
				89E39EBB1F5F52E6007DDD4E /* 30.jpg */,
				89E39EBC1F5F52E6007DDD4E /* 4.jpg */,
				89E39EBD1F5F52E6007DDD4E /* 5.jpg */,
				89E39EBE1F5F52E6007DDD4E /* 6.jpg */,
				89E39EBF1F5F52E6007DDD4E /* 7.jpg */,
				89E39EC01F5F52E6007DDD4E /* 8.jpg */,
				89E39EC11F5F52E6007DDD4E /* 9.jpg */,
				89E39EC21F5F52E6007DDD4E /* 31.jpg */,
				89E39EC41F5F52E6007DDD4E /* 33.jpg */,
				89E39EC51F5F52E6007DDD4E /* 34.jpg */,
				89E39EC61F5F52E6007DDD4E /* 35.jpg */,
				89E39EC71F5F52E6007DDD4E /* 36.jpg */,
				89E39EC81F5F52E6007DDD4E /* 37.jpg */,
				89E39EC91F5F52E6007DDD4E /* 38.jpg */,
				89E39ECA1F5F52E6007DDD4E /* 39.jpg */,
				89E39ECB1F5F52E6007DDD4E /* 40.jpg */,
				89E39ECD1F5F52E6007DDD4E /* 42.jpg */,
				89E39ECE1F5F52E6007DDD4E /* 43.jpg */,
				89E39ECF1F5F52E6007DDD4E /* 44.jpg */,
				89E39F221F6165BB007DDD4E /* upperleft.jpg */,
				89E39F251F6165BB007DDD4E /* lowerLeft.jpg */,
				89E39F231F6165BB007DDD4E /* upperRight.jpg */,
				89E39F241F6165BB007DDD4E /* lowerRight.jpg */,
				89E39ED01F5F52E6007DDD4E /* 45.jpg */,
				89E39ED11F5F52E6007DDD4E /* IMG_2735.JPG */,
				89E39ED41F5F52E6007DDD4E /* IMG_2833.JPG */,
				89E39ED51F5F52E6007DDD4E /* IMG_2860.JPG */,
				89E39ED61F5F52E6007DDD4E /* IMG_2942.jpg */,
				89E39ED71F5F52E6007DDD4E /* 46.jpg */,
				89E39ED81F5F52E6007DDD4E /* IMG_2946.jpg */,
				89E39ED91F5F52E6007DDD4E /* IMG_2992.jpg */,
				89E39EDA1F5F52E6007DDD4E /* 32.jpg */,
				89E39EDB1F5F52E6007DDD4E /* IMG_3796.JPG */,
				89E39EDC1F5F52E6007DDD4E /* IMG_4249.jpg */,
				89E39EDD1F5F52E6007DDD4E /* IMG_4261.jpg */,
				89E39EDE1F5F52E6007DDD4E /* IMG_4293.JPG */,
				89E39EDF1F5F52E6007DDD4E /* IMG_4526.jpg */,
				89E39EE01F5F52E6007DDD4E /* IMG_4566.jpg */,
				89E39EE11F5F52E6007DDD4E /* IMG_4622.jpg */,
				89E39EE21F5F52E6007DDD4E /* IMG_5424.jpg */,
			);
			path = "Favorite Photos";
			sourceTree = "<group>";
		};
/* End PBXGroup section */

/* Begin PBXNativeTarget section */
		896DE3651F239E0F00B95D2A /* Chelsea & Alphonso */ = {
			isa = PBXNativeTarget;
			buildConfigurationList = 896DE3781F239E0F00B95D2A /* Build configuration list for PBXNativeTarget "Chelsea & Alphonso" */;
			buildPhases = (
				896DE3621F239E0F00B95D2A /* Sources */,
				896DE3631F239E0F00B95D2A /* Frameworks */,
				896DE3641F239E0F00B95D2A /* Resources */,
			);
			buildRules = (
			);
			dependencies = (
			);
			name = "Chelsea & Alphonso";
			productName = "Chelsea & Alphonso";
			productReference = 896DE3661F239E0F00B95D2A /* Chelsea & Alphonso.app */;
			productType = "com.apple.product-type.application";
		};
/* End PBXNativeTarget section */

/* Begin PBXProject section */
		896DE35E1F239E0F00B95D2A /* Project object */ = {
			isa = PBXProject;
			attributes = {
				LastSwiftUpdateCheck = 0830;
				LastUpgradeCheck = 0830;
				ORGANIZATIONNAME = Alphonso;
				TargetAttributes = {
					896DE3651F239E0F00B95D2A = {
						CreatedOnToolsVersion = 8.3.3;
						DevelopmentTeam = 6257XTCRBF;
						ProvisioningStyle = Automatic;
					};
				};
			};
			buildConfigurationList = 896DE3611F239E0F00B95D2A /* Build configuration list for PBXProject "Chelsea & Alphonso" */;
			compatibilityVersion = "Xcode 3.2";
			developmentRegion = English;
			hasScannedForEncodings = 0;
			knownRegions = (
				en,
				Base,
			);
			mainGroup = 896DE35D1F239E0F00B95D2A;
			productRefGroup = 896DE3671F239E0F00B95D2A /* Products */;
			projectDirPath = "";
			projectRoot = "";
			targets = (
				896DE3651F239E0F00B95D2A /* Chelsea & Alphonso */,
			);
		};
/* End PBXProject section */

/* Begin PBXResourcesBuildPhase section */
		896DE3641F239E0F00B95D2A /* Resources */ = {
			isa = PBXResourcesBuildPhase;
			buildActionMask = 2147483647;
			files = (
				89E39F191F5F52E6007DDD4E /* 32.jpg in Resources */,
				89E39F291F6165BB007DDD4E /* lowerLeft.jpg in Resources */,
				89E39F081F5F52E6007DDD4E /* 38.jpg in Resources */,
				89E39F001F5F52E6007DDD4E /* 9.jpg in Resources */,
				89E39F1D1F5F52E6007DDD4E /* IMG_4293.JPG in Resources */,
				89E39F0C1F5F52E6007DDD4E /* 42.jpg in Resources */,
				89E39F131F5F52E6007DDD4E /* IMG_2833.JPG in Resources */,
				89E39F211F5F52E6007DDD4E /* IMG_5424.jpg in Resources */,
				89E39EEC1F5F52E6007DDD4E /* 18.jpg in Resources */,
				89E39EE81F5F52E6007DDD4E /* 14.jpg in Resources */,
				89E39EE41F5F52E6007DDD4E /* 10.jpg in Resources */,
				89E39EE71F5F52E6007DDD4E /* 13.jpg in Resources */,
				89E39F041F5F52E6007DDD4E /* 34.jpg in Resources */,
				89E39F1F1F5F52E6007DDD4E /* IMG_4566.jpg in Resources */,
				89E39F141F5F52E6007DDD4E /* IMG_2860.JPG in Resources */,
				896DE3741F239E0F00B95D2A /* LaunchScreen.storyboard in Resources */,
				89E39EF01F5F52E6007DDD4E /* 21.jpg in Resources */,
				89E39F261F6165BB007DDD4E /* upperleft.jpg in Resources */,
				89E39EF41F5F52E6007DDD4E /* 25.jpg in Resources */,
				89E39EE61F5F52E6007DDD4E /* 12.jpg in Resources */,
				89E39EFB1F5F52E6007DDD4E /* 4.jpg in Resources */,
				89E39F051F5F52E6007DDD4E /* 35.jpg in Resources */,
				89E39F181F5F52E6007DDD4E /* IMG_2992.jpg in Resources */,
				89E39EE91F5F52E6007DDD4E /* 15.jpg in Resources */,
				89E39EEF1F5F52E6007DDD4E /* 20.jpg in Resources */,
				89E39F161F5F52E6007DDD4E /* 46.jpg in Resources */,
				89E39F1E1F5F52E6007DDD4E /* IMG_4526.jpg in Resources */,
				89E39EF61F5F52E6007DDD4E /* 27.jpg in Resources */,
				89E39EFF1F5F52E6007DDD4E /* 8.jpg in Resources */,
				89E39F0D1F5F52E6007DDD4E /* 43.jpg in Resources */,
				89E39EE31F5F52E6007DDD4E /* 1.jpg in Resources */,
				89E39F201F5F52E6007DDD4E /* IMG_4622.jpg in Resources */,
				89E39EFA1F5F52E6007DDD4E /* 30.jpg in Resources */,
				89E39EF21F5F52E6007DDD4E /* 23.jpg in Resources */,
				89E39EEA1F5F52E6007DDD4E /* 16.jpg in Resources */,
				89E39F1B1F5F52E6007DDD4E /* IMG_4249.jpg in Resources */,
				89E39EFE1F5F52E6007DDD4E /* 7.jpg in Resources */,
				89E39EED1F5F52E6007DDD4E /* 19.jpg in Resources */,
				89E39F071F5F52E6007DDD4E /* 37.jpg in Resources */,
				89E39F0F1F5F52E6007DDD4E /* 45.jpg in Resources */,
				89E39F031F5F52E6007DDD4E /* 33.jpg in Resources */,
				89E39EF81F5F52E6007DDD4E /* 29.jpg in Resources */,
				89E39F1A1F5F52E6007DDD4E /* IMG_3796.JPG in Resources */,
				89E39EF71F5F52E6007DDD4E /* 28.jpg in Resources */,
				89E39F0E1F5F52E6007DDD4E /* 44.jpg in Resources */,
				89E39EFC1F5F52E6007DDD4E /* 5.jpg in Resources */,
				89E39EF91F5F52E6007DDD4E /* 3.jpg in Resources */,
				89E39EE51F5F52E6007DDD4E /* 11.jpg in Resources */,
				89E39F011F5F52E6007DDD4E /* 31.jpg in Resources */,
				89E39F271F6165BB007DDD4E /* upperRight.jpg in Resources */,
				89E39F091F5F52E6007DDD4E /* 39.jpg in Resources */,
				89E39F151F5F52E6007DDD4E /* IMG_2942.jpg in Resources */,
				89E39EEB1F5F52E6007DDD4E /* 17.jpg in Resources */,
				89E39F281F6165BB007DDD4E /* lowerRight.jpg in Resources */,
				89E39F1C1F5F52E6007DDD4E /* IMG_4261.jpg in Resources */,
				89E39EF31F5F52E6007DDD4E /* 24.jpg in Resources */,
				89E39EFD1F5F52E6007DDD4E /* 6.jpg in Resources */,
				89E39EF51F5F52E6007DDD4E /* 26.jpg in Resources */,
				89E39F101F5F52E6007DDD4E /* IMG_2735.JPG in Resources */,
				89E39EEE1F5F52E6007DDD4E /* 2.jpg in Resources */,
				89E39F061F5F52E6007DDD4E /* 36.jpg in Resources */,
				89E39EF11F5F52E6007DDD4E /* 22.jpg in Resources */,
				89E39F171F5F52E6007DDD4E /* IMG_2946.jpg in Resources */,
				896DE3711F239E0F00B95D2A /* Assets.xcassets in Resources */,
				896DE36F1F239E0F00B95D2A /* Main.storyboard in Resources */,
				89E39F0A1F5F52E6007DDD4E /* 40.jpg in Resources */,
			);
			runOnlyForDeploymentPostprocessing = 0;
		};
/* End PBXResourcesBuildPhase section */

/* Begin PBXSourcesBuildPhase section */
		896DE3621F239E0F00B95D2A /* Sources */ = {
			isa = PBXSourcesBuildPhase;
			buildActionMask = 2147483647;
			files = (
				896DE36C1F239E0F00B95D2A /* MainViewController.swift in Sources */,
				89E39F2B1F649A48007DDD4E /* InitialViewController.swift in Sources */,
				89B87E001F51A90700874AEB /* WebViewController.swift in Sources */,
				89E39EA21F5F51E2007DDD4E /* MyCollectionViewCell.swift in Sources */,
				896DE36A1F239E0F00B95D2A /* AppDelegate.swift in Sources */,
				89B87E8E1F56F79B00874AEB /* MenuViewController.swift in Sources */,
				897A1A421F5D473C000EB227 /* PhotosViewController.swift in Sources */,
				89DAF4E21F7AF65C00E56C80 /* Wedding.swift in Sources */,
			);
			runOnlyForDeploymentPostprocessing = 0;
		};
/* End PBXSourcesBuildPhase section */

/* Begin PBXVariantGroup section */
		896DE36D1F239E0F00B95D2A /* Main.storyboard */ = {
			isa = PBXVariantGroup;
			children = (
				896DE36E1F239E0F00B95D2A /* Base */,
			);
			name = Main.storyboard;
			sourceTree = "<group>";
		};
		896DE3721F239E0F00B95D2A /* LaunchScreen.storyboard */ = {
			isa = PBXVariantGroup;
			children = (
				896DE3731F239E0F00B95D2A /* Base */,
			);
			name = LaunchScreen.storyboard;
			sourceTree = "<group>";
		};
/* End PBXVariantGroup section */

/* Begin XCBuildConfiguration section */
		896DE3761F239E0F00B95D2A /* Debug */ = {
			isa = XCBuildConfiguration;
			buildSettings = {
				ALWAYS_SEARCH_USER_PATHS = NO;
				CLANG_ANALYZER_NONNULL = YES;
				CLANG_ANALYZER_NUMBER_OBJECT_CONVERSION = YES_AGGRESSIVE;
				CLANG_CXX_LANGUAGE_STANDARD = "gnu++0x";
				CLANG_CXX_LIBRARY = "libc++";
				CLANG_ENABLE_MODULES = YES;
				CLANG_ENABLE_OBJC_ARC = YES;
				CLANG_WARN_BOOL_CONVERSION = YES;
				CLANG_WARN_CONSTANT_CONVERSION = YES;
				CLANG_WARN_DIRECT_OBJC_ISA_USAGE = YES_ERROR;
				CLANG_WARN_DOCUMENTATION_COMMENTS = YES;
				CLANG_WARN_EMPTY_BODY = YES;
				CLANG_WARN_ENUM_CONVERSION = YES;
				CLANG_WARN_INFINITE_RECURSION = YES;
				CLANG_WARN_INT_CONVERSION = YES;
				CLANG_WARN_OBJC_ROOT_CLASS = YES_ERROR;
				CLANG_WARN_SUSPICIOUS_MOVE = YES;
				CLANG_WARN_UNREACHABLE_CODE = YES;
				CLANG_WARN__DUPLICATE_METHOD_MATCH = YES;
				"CODE_SIGN_IDENTITY[sdk=iphoneos*]" = "iPhone Developer";
				COPY_PHASE_STRIP = NO;
				DEBUG_INFORMATION_FORMAT = dwarf;
				ENABLE_STRICT_OBJC_MSGSEND = YES;
				ENABLE_TESTABILITY = YES;
				GCC_C_LANGUAGE_STANDARD = gnu99;
				GCC_DYNAMIC_NO_PIC = NO;
				GCC_NO_COMMON_BLOCKS = YES;
				GCC_OPTIMIZATION_LEVEL = 0;
				GCC_PREPROCESSOR_DEFINITIONS = (
					"DEBUG=1",
					"$(inherited)",
				);
				GCC_WARN_64_TO_32_BIT_CONVERSION = YES;
				GCC_WARN_ABOUT_RETURN_TYPE = YES_ERROR;
				GCC_WARN_UNDECLARED_SELECTOR = YES;
				GCC_WARN_UNINITIALIZED_AUTOS = YES_AGGRESSIVE;
				GCC_WARN_UNUSED_FUNCTION = YES;
				GCC_WARN_UNUSED_VARIABLE = YES;
				IPHONEOS_DEPLOYMENT_TARGET = 10.3;
				MTL_ENABLE_DEBUG_INFO = YES;
				ONLY_ACTIVE_ARCH = YES;
				SDKROOT = iphoneos;
				SWIFT_ACTIVE_COMPILATION_CONDITIONS = DEBUG;
				SWIFT_OPTIMIZATION_LEVEL = "-Onone";
				TARGETED_DEVICE_FAMILY = "1,2";
			};
			name = Debug;
		};
		896DE3771F239E0F00B95D2A /* Release */ = {
			isa = XCBuildConfiguration;
			buildSettings = {
				ALWAYS_SEARCH_USER_PATHS = NO;
				CLANG_ANALYZER_NONNULL = YES;
				CLANG_ANALYZER_NUMBER_OBJECT_CONVERSION = YES_AGGRESSIVE;
				CLANG_CXX_LANGUAGE_STANDARD = "gnu++0x";
				CLANG_CXX_LIBRARY = "libc++";
				CLANG_ENABLE_MODULES = YES;
				CLANG_ENABLE_OBJC_ARC = YES;
				CLANG_WARN_BOOL_CONVERSION = YES;
				CLANG_WARN_CONSTANT_CONVERSION = YES;
				CLANG_WARN_DIRECT_OBJC_ISA_USAGE = YES_ERROR;
				CLANG_WARN_DOCUMENTATION_COMMENTS = YES;
				CLANG_WARN_EMPTY_BODY = YES;
				CLANG_WARN_ENUM_CONVERSION = YES;
				CLANG_WARN_INFINITE_RECURSION = YES;
				CLANG_WARN_INT_CONVERSION = YES;
				CLANG_WARN_OBJC_ROOT_CLASS = YES_ERROR;
				CLANG_WARN_SUSPICIOUS_MOVE = YES;
				CLANG_WARN_UNREACHABLE_CODE = YES;
				CLANG_WARN__DUPLICATE_METHOD_MATCH = YES;
				"CODE_SIGN_IDENTITY[sdk=iphoneos*]" = "iPhone Developer";
				COPY_PHASE_STRIP = NO;
				DEBUG_INFORMATION_FORMAT = "dwarf-with-dsym";
				ENABLE_NS_ASSERTIONS = NO;
				ENABLE_STRICT_OBJC_MSGSEND = YES;
				GCC_C_LANGUAGE_STANDARD = gnu99;
				GCC_NO_COMMON_BLOCKS = YES;
				GCC_WARN_64_TO_32_BIT_CONVERSION = YES;
				GCC_WARN_ABOUT_RETURN_TYPE = YES_ERROR;
				GCC_WARN_UNDECLARED_SELECTOR = YES;
				GCC_WARN_UNINITIALIZED_AUTOS = YES_AGGRESSIVE;
				GCC_WARN_UNUSED_FUNCTION = YES;
				GCC_WARN_UNUSED_VARIABLE = YES;
				IPHONEOS_DEPLOYMENT_TARGET = 10.3;
				MTL_ENABLE_DEBUG_INFO = NO;
				SDKROOT = iphoneos;
				SWIFT_OPTIMIZATION_LEVEL = "-Owholemodule";
				TARGETED_DEVICE_FAMILY = "1,2";
				VALIDATE_PRODUCT = YES;
			};
			name = Release;
		};
		896DE3791F239E0F00B95D2A /* Debug */ = {
			isa = XCBuildConfiguration;
			buildSettings = {
				ASSETCATALOG_COMPILER_APPICON_NAME = AppIcon;
				DEVELOPMENT_TEAM = 6257XTCRBF;
				INFOPLIST_FILE = "Chelsea & Alphonso/Info.plist";
				LD_RUNPATH_SEARCH_PATHS = "$(inherited) @executable_path/Frameworks";
				PRODUCT_BUNDLE_IDENTIFIER = "com.Alphonso-Sensley-II.Chelsea---Alphonso";
				PRODUCT_NAME = "$(TARGET_NAME)";
				SWIFT_VERSION = 3.0;
			};
			name = Debug;
		};
		896DE37A1F239E0F00B95D2A /* Release */ = {
			isa = XCBuildConfiguration;
			buildSettings = {
				ASSETCATALOG_COMPILER_APPICON_NAME = AppIcon;
				DEVELOPMENT_TEAM = 6257XTCRBF;
				INFOPLIST_FILE = "Chelsea & Alphonso/Info.plist";
				LD_RUNPATH_SEARCH_PATHS = "$(inherited) @executable_path/Frameworks";
				PRODUCT_BUNDLE_IDENTIFIER = "com.Alphonso-Sensley-II.Chelsea---Alphonso";
				PRODUCT_NAME = "$(TARGET_NAME)";
				SWIFT_VERSION = 3.0;
			};
			name = Release;
		};
/* End XCBuildConfiguration section */

/* Begin XCConfigurationList section */
		896DE3611F239E0F00B95D2A /* Build configuration list for PBXProject "Chelsea & Alphonso" */ = {
			isa = XCConfigurationList;
			buildConfigurations = (
				896DE3761F239E0F00B95D2A /* Debug */,
				896DE3771F239E0F00B95D2A /* Release */,
			);
			defaultConfigurationIsVisible = 0;
			defaultConfigurationName = Release;
		};
		896DE3781F239E0F00B95D2A /* Build configuration list for PBXNativeTarget "Chelsea & Alphonso" */ = {
			isa = XCConfigurationList;
			buildConfigurations = (
				896DE3791F239E0F00B95D2A /* Debug */,
				896DE37A1F239E0F00B95D2A /* Release */,
			);
			defaultConfigurationIsVisible = 0;
			defaultConfigurationName = Release;
		};
/* End XCConfigurationList section */
	};
	rootObject = 896DE35E1F239E0F00B95D2A /* Project object */;
}
